PODS:
  - Flutter (1.0.0)
  - flutter_local_notifications (0.0.1):
    - Flutter
  - health_kit_reporter (2.1.0):
    - Flutter
    - HealthKitReporter (= 3.2.0)
  - HealthKitReporter (3.2.0)

DEPENDENCIES:
  - Flutter (from `Flutter`)
  - flutter_local_notifications (from `.symlinks/plugins/flutter_local_notifications/ios`)
  - health_kit_reporter (from `.symlinks/plugins/health_kit_reporter/ios`)
  - HealthKitReporter (from `https://github.com/leancodepl/HealthKitReporter`, branch `activy`)

EXTERNAL SOURCES:
  Flutter:
    :path: Flutter
  flutter_local_notifications:
    :path: ".symlinks/plugins/flutter_local_notifications/ios"
  health_kit_reporter:
    :path: ".symlinks/plugins/health_kit_reporter/ios"
  HealthKitReporter:
    :branch: activy
    :git: https://github.com/leancodepl/HealthKitReporter

CHECKOUT OPTIONS:
  HealthKitReporter:
    :commit: fd0d6382cd19acdc9d4f097213f84449794149c8
    :git: https://github.com/leancodepl/HealthKitReporter

SPEC CHECKSUMS:
  Flutter: e0871f40cf51350855a761d2e70bf5af5b9b5de7
  flutter_local_notifications: 0c0b1ae97e741e1521e4c1629a459d04b9aec743
  health_kit_reporter: 37ff2273503502239ed0956ee40fe9d8732daa2f
  HealthKitReporter: 9ba8c4f46fc13b073f2ab1df0283b121fcaca9ff

PODFILE CHECKSUM: a0f49278ea8808578e0712b31521684ce5187555

COCOAPODS: 1.15.2
